
Microsoft Visual Studio Solution File, Format Version 12.00
# Visual Studio Version 17
VisualStudioVersion = 17.0.31903.59
MinimumVisualStudioVersion = 10.0.40219.1
Project("{2150E333-8FDC-42A3-9474-1A3956D46DE8}") = "DnD.Api", "DnD.Api", "{933D1049-7802-25A9-A96C-6865E76478C1}"
EndProject
Project("{FAE04EC0-301F-11D3-BF4B-00C04F79EFBC}") = "Dnd.Api", "DnD.Api\Dnd.Api.csproj", "{D084A3CE-9529-4FE4-A8C8-964C36BE44DC}"
EndProject
Project("{2150E333-8FDC-42A3-9474-1A3956D46DE8}") = "DnD.App", "DnD.App", "{0C1F4B9E-3E21-B851-DEDB-63161299CAC4}"
EndProject
Project("{FAE04EC0-301F-11D3-BF4B-00C04F79EFBC}") = "Dnd.App", "DnD.App\Dnd.App.csproj", "{6032E038-4F77-41FF-8310-6861B3091F5F}"
EndProject
Project("{2150E333-8FDC-42A3-9474-1A3956D46DE8}") = "DnD.Infrastructure", "DnD.Infrastructure", "{F087E4BC-820E-2B47-7F7A-35407D45C756}"
EndProject
Project("{FAE04EC0-301F-11D3-BF4B-00C04F79EFBC}") = "Dnd.Infrastructure", "DnD.Infrastructure\Dnd.Infrastructure.csproj", "{D1F73C5C-1053-4E53-AF76-0041F327989C}"
EndProject
Project("{2150E333-8FDC-42A3-9474-1A3956D46DE8}") = "DnD.Domain", "DnD.Domain", "{91ED3835-FECB-B195-6975-9ABCD00988E1}"
EndProject
Project("{FAE04EC0-301F-11D3-BF4B-00C04F79EFBC}") = "Dnd.Domain", "DnD.Domain\Dnd.Domain.csproj", "{63BD0E54-AC95-453A-A4D6-523EF5C982BA}"
EndProject
Global
	GlobalSection(SolutionConfigurationPlatforms) = preSolution
		Debug|Any CPU = Debug|Any CPU
		Debug|x64 = Debug|x64
		Debug|x86 = Debug|x86
		Release|Any CPU = Release|Any CPU
		Release|x64 = Release|x64
		Release|x86 = Release|x86
	EndGlobalSection
	GlobalSection(ProjectConfigurationPlatforms) = postSolution
		{D084A3CE-9529-4FE4-A8C8-964C36BE44DC}.Debug|Any CPU.ActiveCfg = Debug|Any CPU
		{D084A3CE-9529-4FE4-A8C8-964C36BE44DC}.Debug|Any CPU.Build.0 = Debug|Any CPU
		{D084A3CE-9529-4FE4-A8C8-964C36BE44DC}.Debug|x64.ActiveCfg = Debug|Any CPU
		{D084A3CE-9529-4FE4-A8C8-964C36BE44DC}.Debug|x64.Build.0 = Debug|Any CPU
		{D084A3CE-9529-4FE4-A8C8-964C36BE44DC}.Debug|x86.ActiveCfg = Debug|Any CPU
		{D084A3CE-9529-4FE4-A8C8-964C36BE44DC}.Debug|x86.Build.0 = Debug|Any CPU
		{D084A3CE-9529-4FE4-A8C8-964C36BE44DC}.Release|Any CPU.ActiveCfg = Release|Any CPU
		{D084A3CE-9529-4FE4-A8C8-964C36BE44DC}.Release|Any CPU.Build.0 = Release|Any CPU
		{D084A3CE-9529-4FE4-A8C8-964C36BE44DC}.Release|x64.ActiveCfg = Release|Any CPU
		{D084A3CE-9529-4FE4-A8C8-964C36BE44DC}.Release|x64.Build.0 = Release|Any CPU
		{D084A3CE-9529-4FE4-A8C8-964C36BE44DC}.Release|x86.ActiveCfg = Release|Any CPU
		{D084A3CE-9529-4FE4-A8C8-964C36BE44DC}.Release|x86.Build.0 = Release|Any CPU
		{6032E038-4F77-41FF-8310-6861B3091F5F}.Debug|Any CPU.ActiveCfg = Debug|Any CPU
		{6032E038-4F77-41FF-8310-6861B3091F5F}.Debug|Any CPU.Build.0 = Debug|Any CPU
		{6032E038-4F77-41FF-8310-6861B3091F5F}.Debug|x64.ActiveCfg = Debug|Any CPU
		{6032E038-4F77-41FF-8310-6861B3091F5F}.Debug|x64.Build.0 = Debug|Any CPU
		{6032E038-4F77-41FF-8310-6861B3091F5F}.Debug|x86.ActiveCfg = Debug|Any CPU
		{6032E038-4F77-41FF-8310-6861B3091F5F}.Debug|x86.Build.0 = Debug|Any CPU
		{6032E038-4F77-41FF-8310-6861B3091F5F}.Release|Any CPU.ActiveCfg = Release|Any CPU
		{6032E038-4F77-41FF-8310-6861B3091F5F}.Release|Any CPU.Build.0 = Release|Any CPU
		{6032E038-4F77-41FF-8310-6861B3091F5F}.Release|x64.ActiveCfg = Release|Any CPU
		{6032E038-4F77-41FF-8310-6861B3091F5F}.Release|x64.Build.0 = Release|Any CPU
		{6032E038-4F77-41FF-8310-6861B3091F5F}.Release|x86.ActiveCfg = Release|Any CPU
		{6032E038-4F77-41FF-8310-6861B3091F5F}.Release|x86.Build.0 = Release|Any CPU
		{D1F73C5C-1053-4E53-AF76-0041F327989C}.Debug|Any CPU.ActiveCfg = Debug|Any CPU
		{D1F73C5C-1053-4E53-AF76-0041F327989C}.Debug|Any CPU.Build.0 = Debug|Any CPU
		{D1F73C5C-1053-4E53-AF76-0041F327989C}.Debug|x64.ActiveCfg = Debug|Any CPU
		{D1F73C5C-1053-4E53-AF76-0041F327989C}.Debug|x64.Build.0 = Debug|Any CPU
		{D1F73C5C-1053-4E53-AF76-0041F327989C}.Debug|x86.ActiveCfg = Debug|Any CPU
		{D1F73C5C-1053-4E53-AF76-0041F327989C}.Debug|x86.Build.0 = Debug|Any CPU
		{D1F73C5C-1053-4E53-AF76-0041F327989C}.Release|Any CPU.ActiveCfg = Release|Any CPU
		{D1F73C5C-1053-4E53-AF76-0041F327989C}.Release|Any CPU.Build.0 = Release|Any CPU
		{D1F73C5C-1053-4E53-AF76-0041F327989C}.Release|x64.ActiveCfg = Release|Any CPU
		{D1F73C5C-1053-4E53-AF76-0041F327989C}.Release|x64.Build.0 = Release|Any CPU
		{D1F73C5C-1053-4E53-AF76-0041F327989C}.Release|x86.ActiveCfg = Release|Any CPU
		{D1F73C5C-1053-4E53-AF76-0041F327989C}.Release|x86.Build.0 = Release|Any CPU
		{63BD0E54-AC95-453A-A4D6-523EF5C982BA}.Debug|Any CPU.ActiveCfg = Debug|Any CPU
		{63BD0E54-AC95-453A-A4D6-523EF5C982BA}.Debug|Any CPU.Build.0 = Debug|Any CPU
		{63BD0E54-AC95-453A-A4D6-523EF5C982BA}.Debug|x64.ActiveCfg = Debug|Any CPU
		{63BD0E54-AC95-453A-A4D6-523EF5C982BA}.Debug|x64.Build.0 = Debug|Any CPU
		{63BD0E54-AC95-453A-A4D6-523EF5C982BA}.Debug|x86.ActiveCfg = Debug|Any CPU
		{63BD0E54-AC95-453A-A4D6-523EF5C982BA}.Debug|x86.Build.0 = Debug|Any CPU
		{63BD0E54-AC95-453A-A4D6-523EF5C982BA}.Release|Any CPU.ActiveCfg = Release|Any CPU
		{63BD0E54-AC95-453A-A4D6-523EF5C982BA}.Release|Any CPU.Build.0 = Release|Any CPU
		{63BD0E54-AC95-453A-A4D6-523EF5C982BA}.Release|x64.ActiveCfg = Release|Any CPU
		{63BD0E54-AC95-453A-A4D6-523EF5C982BA}.Release|x64.Build.0 = Release|Any CPU
		{63BD0E54-AC95-453A-A4D6-523EF5C982BA}.Release|x86.ActiveCfg = Release|Any CPU
		{63BD0E54-AC95-453A-A4D6-523EF5C982BA}.Release|x86.Build.0 = Release|Any CPU
	EndGlobalSection
	GlobalSection(SolutionProperties) = preSolution
		HideSolutionNode = FALSE
	EndGlobalSection
	GlobalSection(NestedProjects) = preSolution
		{D084A3CE-9529-4FE4-A8C8-964C36BE44DC} = {933D1049-7802-25A9-A96C-6865E76478C1}
		{6032E038-4F77-41FF-8310-6861B3091F5F} = {0C1F4B9E-3E21-B851-DEDB-63161299CAC4}
		{D1F73C5C-1053-4E53-AF76-0041F327989C} = {F087E4BC-820E-2B47-7F7A-35407D45C756}
		{63BD0E54-AC95-453A-A4D6-523EF5C982BA} = {91ED3835-FECB-B195-6975-9ABCD00988E1}
	EndGlobalSection
EndGlobal
